{
  "requires": true,
  "lockfileVersion": 1,
  "dependencies": {
    "proptypes": {
      "version": "1.1.0",
      "resolved": "https://registry.npmjs.org/proptypes/-/proptypes-1.1.0.tgz",
      "integrity": "sha1-eLOCilqmuxMIk54N48YETf1L0jk="
    },
    "react-client-session": {
      "version": "0.0.8",
      "resolved": "https://registry.npmjs.org/react-client-session/-/react-client-session-0.0.8.tgz",
      "integrity": "sha512-wHCTD4lEE8mzl6kxL8viL4q5kGx2TJJNaWdvzmx3KeiMgP+Yv5/Bx476jCpPD0pKc5VvdVuhkH4EM20XqtT/sQ=="
    }
  }
}
